
Microsoft Visual Studio Solution File, Format Version 12.00
# Visual Studio Version 17
VisualStudioVersion = 17.1.32210.238
MinimumVisualStudioVersion = 10.0.40219.1
Project("{FAE04EC0-301F-11D3-BF4B-00C04F79EFBC}") = "RAM", "RAM\RAM.csproj", "{D96CAEF9-74C3-4945-833F-7AF81B511300}"
EndProject
Project("{2150E333-8FDC-42A3-9474-1A3956D46DE8}") = "Solution Items", "Solution Items", "{3CD972C2-6430-4289-9433-3306C324839D}"
	ProjectSection(SolutionItems) = preProject
		.editorconfig = .editorconfig
	EndProjectSection
EndProject
Global
	GlobalSection(SolutionConfigurationPlatforms) = preSolution
		Debug|Any CPU = Debug|Any CPU
		Release|Any CPU = Release|Any CPU
	EndGlobalSection
	GlobalSection(ProjectConfigurationPlatforms) = postSolution
		{D96CAEF9-74C3-4945-833F-7AF81B511300}.Debug|Any CPU.ActiveCfg = Debug|Any CPU
		{D96CAEF9-74C3-4945-833F-7AF81B511300}.Debug|Any CPU.Build.0 = Debug|Any CPU
		{D96CAEF9-74C3-4945-833F-7AF81B511300}.Release|Any CPU.ActiveCfg = Release|Any CPU
		{D96CAEF9-74C3-4945-833F-7AF81B511300}.Release|Any CPU.Build.0 = Release|Any CPU
	EndGlobalSection
	GlobalSection(SolutionProperties) = preSolution
		HideSolutionNode = FALSE
	EndGlobalSection
	GlobalSection(ExtensibilityGlobals) = postSolution
		SolutionGuid = {0C7A9413-10C8-4670-9066-5161C0B1D11B}
	EndGlobalSection
EndGlobal
